
Microsoft Visual Studio Solution File, Format Version 12.00
# Visual Studio Version 16
VisualStudioVersion = 16.0.28917.181
MinimumVisualStudioVersion = 10.0.40219.1
Project("{FAE04EC0-301F-11D3-BF4B-00C04F79EFBC}") = "Circle", "Circle\Circle.csproj", "{58E4FFB0-4737-495E-AFA0-AAE86103C106}"
EndProject
Global
	GlobalSection(SolutionConfigurationPlatforms) = preSolution
		Debug|Any CPU = Debug|Any CPU
		Release|Any CPU = Release|Any CPU
	EndGlobalSection
	GlobalSection(ProjectConfigurationPlatforms) = postSolution
		{58E4FFB0-4737-495E-AFA0-AAE86103C106}.Debug|Any CPU.ActiveCfg = Debug|Any CPU
		{58E4FFB0-4737-495E-AFA0-AAE86103C106}.Debug|Any CPU.Build.0 = Debug|Any CPU
		{58E4FFB0-4737-495E-AFA0-AAE86103C106}.Release|Any CPU.ActiveCfg = Release|Any CPU
		{58E4FFB0-4737-495E-AFA0-AAE86103C106}.Release|Any CPU.Build.0 = Release|Any CPU
	EndGlobalSection
	GlobalSection(SolutionProperties) = preSolution
		HideSolutionNode = FALSE
	EndGlobalSection
	GlobalSection(ExtensibilityGlobals) = postSolution
		SolutionGuid = {F12D9785-7156-4502-9935-4E678A6FAB77}
	EndGlobalSection
EndGlobal
